{
  "name": "api429-npm-workspace",
  "version": "0.1.0",
  "lockfileVersion": 3,
  "requires": true,
  "packages": {
    "": {
      "name": "api429-npm-workspace",
      "version": "0.1.0",
      "license": "MIT",
      "workspaces": [
        "packages/cli"
      ],
      "engines": {
        "node": ">=18"
      },
      "optionalDependencies": {
        "@api429/cli-darwin-arm64": "file:packages/cli-darwin-arm64",
        "@api429/cli-darwin-x64": "file:packages/cli-darwin-x64",
        "@api429/cli-linux-arm64-gnu": "file:packages/cli-linux-arm64-gnu",
        "@api429/cli-linux-x64-gnu": "file:packages/cli-linux-x64-gnu",
        "@api429/cli-win32-arm64": "file:packages/cli-win32-arm64",
        "@api429/cli-win32-x64": "file:packages/cli-win32-x64"
      }
    },
    "node_modules/@api429/cli": {
      "resolved": "packages/cli",
      "link": true
    },
    "node_modules/@api429/cli-darwin-arm64": {
      "resolved": "packages/cli-darwin-arm64",
      "link": true
    },
    "node_modules/@api429/cli-darwin-x64": {
      "resolved": "packages/cli-darwin-x64",
      "link": true
    },
    "node_modules/@api429/cli-linux-arm64-gnu": {
      "resolved": "packages/cli-linux-arm64-gnu",
      "link": true
    },
    "node_modules/@api429/cli-linux-x64-gnu": {
      "resolved": "packages/cli-linux-x64-gnu",
      "link": true
    },
    "node_modules/@api429/cli-win32-arm64": {
      "resolved": "packages/cli-win32-arm64",
      "link": true
    },
    "node_modules/@api429/cli-win32-x64": {
      "resolved": "packages/cli-win32-x64",
      "link": true
    },
    "packages/cli": {
      "name": "@api429/cli",
      "version": "0.1.0",
      "license": "MIT",
      "bin": {
        "api429": "bin/api429.js"
      },
      "engines": {
        "node": ">=18"
      },
      "optionalDependencies": {
        "@api429/cli-darwin-arm64": "0.1.0",
        "@api429/cli-darwin-x64": "0.1.0",
        "@api429/cli-linux-arm64-gnu": "0.1.0",
        "@api429/cli-linux-x64-gnu": "0.1.0",
        "@api429/cli-win32-arm64": "0.1.0",
        "@api429/cli-win32-x64": "0.1.0"
      }
    },
    "packages/cli-darwin-arm64": {
      "name": "@api429/cli-darwin-arm64",
      "version": "0.1.0",
      "cpu": [
        "arm64"
      ],
      "license": "MIT",
      "optional": true,
      "os": [
        "darwin"
      ]
    },
    "packages/cli-darwin-x64": {
      "name": "@api429/cli-darwin-x64",
      "version": "0.1.0",
      "cpu": [
        "x64"
      ],
      "license": "MIT",
      "optional": true,
      "os": [
        "darwin"
      ]
    },
    "packages/cli-linux-arm64-gnu": {
      "name": "@api429/cli-linux-arm64-gnu",
      "version": "0.1.0",
      "cpu": [
        "arm64"
      ],
      "libc": [
        "glibc"
      ],
      "license": "MIT",
      "optional": true,
      "os": [
        "linux"
      ]
    },
    "packages/cli-linux-x64-gnu": {
      "name": "@api429/cli-linux-x64-gnu",
      "version": "0.1.0",
      "cpu": [
        "x64"
      ],
      "libc": [
        "glibc"
      ],
      "license": "MIT",
      "optional": true,
      "os": [
        "linux"
      ]
    },
    "packages/cli-win32-arm64": {
      "name": "@api429/cli-win32-arm64",
      "version": "0.1.0",
      "cpu": [
        "arm64"
      ],
      "license": "MIT",
      "optional": true,
      "os": [
        "win32"
      ]
    },
    "packages/cli-win32-x64": {
      "name": "@api429/cli-win32-x64",
      "version": "0.1.0",
      "cpu": [
        "x64"
      ],
      "license": "MIT",
      "optional": true,
      "os": [
        "win32"
      ]
    }
  }
}
